
Microsoft Visual Studio Solution File, Format Version 12.00
# Visual Studio Version 17
VisualStudioVersion = 17.4.33213.308
MinimumVisualStudioVersion = 10.0.40219.1
Project("{8BC9CEB8-8B4A-11D0-8D11-00A0C91BC942}") = "CribbageCounter", "CribbageCounter\CribbageCounter.vcxproj", "{ABA7CED9-20B3-4BA0-8381-E6AEF38A7F40}"
EndProject
Global
	GlobalSection(SolutionConfigurationPlatforms) = preSolution
		Debug|x64 = Debug|x64
		Debug|x86 = Debug|x86
		Release|x64 = Release|x64
		Release|x86 = Release|x86
	EndGlobalSection
	GlobalSection(ProjectConfigurationPlatforms) = postSolution
		{ABA7CED9-20B3-4BA0-8381-E6AEF38A7F40}.Debug|x64.ActiveCfg = Debug|x64
		{ABA7CED9-20B3-4BA0-8381-E6AEF38A7F40}.Debug|x64.Build.0 = Debug|x64
		{ABA7CED9-20B3-4BA0-8381-E6AEF38A7F40}.Debug|x86.ActiveCfg = Debug|Win32
		{ABA7CED9-20B3-4BA0-8381-E6AEF38A7F40}.Debug|x86.Build.0 = Debug|Win32
		{ABA7CED9-20B3-4BA0-8381-E6AEF38A7F40}.Release|x64.ActiveCfg = Release|x64
		{ABA7CED9-20B3-4BA0-8381-E6AEF38A7F40}.Release|x64.Build.0 = Release|x64
		{ABA7CED9-20B3-4BA0-8381-E6AEF38A7F40}.Release|x86.ActiveCfg = Release|Win32
		{ABA7CED9-20B3-4BA0-8381-E6AEF38A7F40}.Release|x86.Build.0 = Release|Win32
	EndGlobalSection
	GlobalSection(SolutionProperties) = preSolution
		HideSolutionNode = FALSE
	EndGlobalSection
	GlobalSection(ExtensibilityGlobals) = postSolution
		SolutionGuid = {C028C013-DFE4-4888-B960-1A5C7C170D84}
	EndGlobalSection
EndGlobal
